// !$*UTF8*$!
{
	archiveVersion = 1;
	classes = {
	};
	objectVersion = 48;
	objects = {

/* Begin PBXBuildFile section */
		0F5E9F13F4775A144B0EE51A /* Pods_apphereTests.framework in Frameworks */ = {isa = PBXBuildFile; fileRef = 1FD1BECA63D0FD0D4BBBEC00 /* Pods_apphereTests.framework */; };
		2C05C7151FDBDF5700D1DBE9 /* SecondViewController.swift in Sources */ = {isa = PBXBuildFile; fileRef = 2C05C7141FDBDF5700D1DBE9 /* SecondViewController.swift */; };
		2C3A13CC1FE5BBF60041410C /* HomeViewController.swift in Sources */ = {isa = PBXBuildFile; fileRef = 2C3A13CB1FE5BBF60041410C /* HomeViewController.swift */; };
		2CC8CBAA1FE7DA1500A0D598 /* MapViewController.swift in Sources */ = {isa = PBXBuildFile; fileRef = 2CC8CBA91FE7DA1500A0D598 /* MapViewController.swift */; };
		2CD1B84F1FD3C4F200179D26 /* AppDelegate.swift in Sources */ = {isa = PBXBuildFile; fileRef = 2CD1B84E1FD3C4F200179D26 /* AppDelegate.swift */; };
		2CD1B8511FD3C4F200179D26 /* FirstViewController.swift in Sources */ = {isa = PBXBuildFile; fileRef = 2CD1B8501FD3C4F200179D26 /* FirstViewController.swift */; };
		2CD1B8561FD3C4F200179D26 /* Main.storyboard in Resources */ = {isa = PBXBuildFile; fileRef = 2CD1B8541FD3C4F200179D26 /* Main.storyboard */; };
		2CD1B8581FD3C4F200179D26 /* Assets.xcassets in Resources */ = {isa = PBXBuildFile; fileRef = 2CD1B8571FD3C4F200179D26 /* Assets.xcassets */; };
		2CD1B85B1FD3C4F200179D26 /* LaunchScreen.storyboard in Resources */ = {isa = PBXBuildFile; fileRef = 2CD1B8591FD3C4F200179D26 /* LaunchScreen.storyboard */; };
		2CD1B8661FD3C4F200179D26 /* apphereTests.swift in Sources */ = {isa = PBXBuildFile; fileRef = 2CD1B8651FD3C4F200179D26 /* apphereTests.swift */; };
		2CD1B8711FD3C4F200179D26 /* apphereUITests.swift in Sources */ = {isa = PBXBuildFile; fileRef = 2CD1B8701FD3C4F200179D26 /* apphereUITests.swift */; };
		D68AEF1FBC8CC03FD4CDB7BB /* Pods_apphere.framework in Frameworks */ = {isa = PBXBuildFile; fileRef = CAD841BEA5874BB9F1D25DA6 /* Pods_apphere.framework */; };
		E50CB028372812DC52179166 /* Pods_apphereUITests.framework in Frameworks */ = {isa = PBXBuildFile; fileRef = 732A2627E04DA46F7E9CF7BC /* Pods_apphereUITests.framework */; };
/* End PBXBuildFile section */

/* Begin PBXContainerItemProxy section */
		2CD1B8621FD3C4F200179D26 /* PBXContainerItemProxy */ = {
			isa = PBXContainerItemProxy;
			containerPortal = 2CD1B8431FD3C4F200179D26 /* Project object */;
			proxyType = 1;
			remoteGlobalIDString = 2CD1B84A1FD3C4F200179D26;
			remoteInfo = apphere;
		};
		2CD1B86D1FD3C4F200179D26 /* PBXContainerItemProxy */ = {
			isa = PBXContainerItemProxy;
			containerPortal = 2CD1B8431FD3C4F200179D26 /* Project object */;
			proxyType = 1;
			remoteGlobalIDString = 2CD1B84A1FD3C4F200179D26;
			remoteInfo = apphere;
		};
/* End PBXContainerItemProxy section */

/* Begin PBXCopyFilesBuildPhase section */
		2CC8CBA11FE7D0E800A0D598 /* CopyFiles */ = {
			isa = PBXCopyFilesBuildPhase;
			buildActionMask = 2147483647;
			dstPath = "";
			dstSubfolderSpec = 10;
			files = (
			);
			runOnlyForDeploymentPostprocessing = 0;
		};
/* End PBXCopyFilesBuildPhase section */

/* Begin PBXFileReference section */
		1FD1BECA63D0FD0D4BBBEC00 /* Pods_apphereTests.framework */ = {isa = PBXFileReference; explicitFileType = wrapper.framework; includeInIndex = 0; path = Pods_apphereTests.framework; sourceTree = BUILT_PRODUCTS_DIR; };
		2C05C7141FDBDF5700D1DBE9 /* SecondViewController.swift */ = {isa = PBXFileReference; lastKnownFileType = sourcecode.swift; path = SecondViewController.swift; sourceTree = "<group>"; };
		2C3A13CB1FE5BBF60041410C /* HomeViewController.swift */ = {isa = PBXFileReference; lastKnownFileType = sourcecode.swift; path = HomeViewController.swift; sourceTree = "<group>"; };
		2CC8CBA91FE7DA1500A0D598 /* MapViewController.swift */ = {isa = PBXFileReference; lastKnownFileType = sourcecode.swift; path = MapViewController.swift; sourceTree = "<group>"; };
		2CD1B84B1FD3C4F200179D26 /* apphere.app */ = {isa = PBXFileReference; explicitFileType = wrapper.application; includeInIndex = 0; path = apphere.app; sourceTree = BUILT_PRODUCTS_DIR; };
		2CD1B84E1FD3C4F200179D26 /* AppDelegate.swift */ = {isa = PBXFileReference; lastKnownFileType = sourcecode.swift; path = AppDelegate.swift; sourceTree = "<group>"; };
		2CD1B8501FD3C4F200179D26 /* FirstViewController.swift */ = {isa = PBXFileReference; lastKnownFileType = sourcecode.swift; path = FirstViewController.swift; sourceTree = "<group>"; };
		2CD1B8551FD3C4F200179D26 /* Base */ = {isa = PBXFileReference; lastKnownFileType = file.storyboard; name = Base; path = Base.lproj/Main.storyboard; sourceTree = "<group>"; };
		2CD1B8571FD3C4F200179D26 /* Assets.xcassets */ = {isa = PBXFileReference; lastKnownFileType = folder.assetcatalog; path = Assets.xcassets; sourceTree = "<group>"; };
		2CD1B85A1FD3C4F200179D26 /* Base */ = {isa = PBXFileReference; lastKnownFileType = file.storyboard; name = Base; path = Base.lproj/LaunchScreen.storyboard; sourceTree = "<group>"; };
		2CD1B85C1FD3C4F200179D26 /* Info.plist */ = {isa = PBXFileReference; lastKnownFileType = text.plist.xml; path = Info.plist; sourceTree = "<group>"; };
		2CD1B8611FD3C4F200179D26 /* apphereTests.xctest */ = {isa = PBXFileReference; explicitFileType = wrapper.cfbundle; includeInIndex = 0; path = apphereTests.xctest; sourceTree = BUILT_PRODUCTS_DIR; };
		2CD1B8651FD3C4F200179D26 /* apphereTests.swift */ = {isa = PBXFileReference; lastKnownFileType = sourcecode.swift; path = apphereTests.swift; sourceTree = "<group>"; };
		2CD1B8671FD3C4F200179D26 /* Info.plist */ = {isa = PBXFileReference; lastKnownFileType = text.plist.xml; path = Info.plist; sourceTree = "<group>"; };
		2CD1B86C1FD3C4F200179D26 /* apphereUITests.xctest */ = {isa = PBXFileReference; explicitFileType = wrapper.cfbundle; includeInIndex = 0; path = apphereUITests.xctest; sourceTree = BUILT_PRODUCTS_DIR; };
		2CD1B8701FD3C4F200179D26 /* apphereUITests.swift */ = {isa = PBXFileReference; lastKnownFileType = sourcecode.swift; path = apphereUITests.swift; sourceTree = "<group>"; };
		2CD1B8721FD3C4F200179D26 /* Info.plist */ = {isa = PBXFileReference; lastKnownFileType = text.plist.xml; path = Info.plist; sourceTree = "<group>"; };
		3CBCC46979BB689D8C8A8969 /* Pods-apphereTests.debug.xcconfig */ = {isa = PBXFileReference; includeInIndex = 1; lastKnownFileType = text.xcconfig; name = "Pods-apphereTests.debug.xcconfig"; path = "Pods/Target Support Files/Pods-apphereTests/Pods-apphereTests.debug.xcconfig"; sourceTree = "<group>"; };
		45F8863026B5860928D5C471 /* Pods-apphereUITests.debug.xcconfig */ = {isa = PBXFileReference; includeInIndex = 1; lastKnownFileType = text.xcconfig; name = "Pods-apphereUITests.debug.xcconfig"; path = "Pods/Target Support Files/Pods-apphereUITests/Pods-apphereUITests.debug.xcconfig"; sourceTree = "<group>"; };
		732A2627E04DA46F7E9CF7BC /* Pods_apphereUITests.framework */ = {isa = PBXFileReference; explicitFileType = wrapper.framework; includeInIndex = 0; path = Pods_apphereUITests.framework; sourceTree = BUILT_PRODUCTS_DIR; };
		851ACCFFA61FE63BA9057BCF /* Pods-apphere.debug.xcconfig */ = {isa = PBXFileReference; includeInIndex = 1; lastKnownFileType = text.xcconfig; name = "Pods-apphere.debug.xcconfig"; path = "Pods/Target Support Files/Pods-apphere/Pods-apphere.debug.xcconfig"; sourceTree = "<group>"; };
		9BB855DCA907FAC5EC4A713C /* Pods-apphere.release.xcconfig */ = {isa = PBXFileReference; includeInIndex = 1; lastKnownFileType = text.xcconfig; name = "Pods-apphere.release.xcconfig"; path = "Pods/Target Support Files/Pods-apphere/Pods-apphere.release.xcconfig"; sourceTree = "<group>"; };
		A13389D41504502C5E8BDB98 /* Pods-apphereTests.release.xcconfig */ = {isa = PBXFileReference; includeInIndex = 1; lastKnownFileType = text.xcconfig; name = "Pods-apphereTests.release.xcconfig"; path = "Pods/Target Support Files/Pods-apphereTests/Pods-apphereTests.release.xcconfig"; sourceTree = "<group>"; };
		B8A8606E2F53538358D5F2B2 /* Pods-apphereUITests.release.xcconfig */ = {isa = PBXFileReference; includeInIndex = 1; lastKnownFileType = text.xcconfig; name = "Pods-apphereUITests.release.xcconfig"; path = "Pods/Target Support Files/Pods-apphereUITests/Pods-apphereUITests.release.xcconfig"; sourceTree = "<group>"; };
		CAD841BEA5874BB9F1D25DA6 /* Pods_apphere.framework */ = {isa = PBXFileReference; explicitFileType = wrapper.framework; includeInIndex = 0; path = Pods_apphere.framework; sourceTree = BUILT_PRODUCTS_DIR; };
/* End PBXFileReference section */

/* Begin PBXFrameworksBuildPhase section */
		2CD1B8481FD3C4F200179D26 /* Frameworks */ = {
			isa = PBXFrameworksBuildPhase;
			buildActionMask = 2147483647;
			files = (
				D68AEF1FBC8CC03FD4CDB7BB /* Pods_apphere.framework in Frameworks */,
			);
			runOnlyForDeploymentPostprocessing = 0;
		};
		2CD1B85E1FD3C4F200179D26 /* Frameworks */ = {
			isa = PBXFrameworksBuildPhase;
			buildActionMask = 2147483647;
			files = (
				0F5E9F13F4775A144B0EE51A /* Pods_apphereTests.framework in Frameworks */,
			);
			runOnlyForDeploymentPostprocessing = 0;
		};
		2CD1B8691FD3C4F200179D26 /* Frameworks */ = {
			isa = PBXFrameworksBuildPhase;
			buildActionMask = 2147483647;
			files = (
				E50CB028372812DC52179166 /* Pods_apphereUITests.framework in Frameworks */,
			);
			runOnlyForDeploymentPostprocessing = 0;
		};
/* End PBXFrameworksBuildPhase section */

/* Begin PBXGroup section */
		2CD1B8421FD3C4F200179D26 = {
			isa = PBXGroup;
			children = (
				2CD1B84D1FD3C4F200179D26 /* apphere */,
				2CD1B8641FD3C4F200179D26 /* apphereTests */,
				2CD1B86F1FD3C4F200179D26 /* apphereUITests */,
				2CD1B84C1FD3C4F200179D26 /* Products */,
				491B245EE4AD9A9F7E3DC3F8 /* Pods */,
				2E60B2AEF8279E75E9A03B49 /* Frameworks */,
			);
			sourceTree = "<group>";
		};
		2CD1B84C1FD3C4F200179D26 /* Products */ = {
			isa = PBXGroup;
			children = (
				2CD1B84B1FD3C4F200179D26 /* apphere.app */,
				2CD1B8611FD3C4F200179D26 /* apphereTests.xctest */,
				2CD1B86C1FD3C4F200179D26 /* apphereUITests.xctest */,
			);
			name = Products;
			sourceTree = "<group>";
		};
		2CD1B84D1FD3C4F200179D26 /* apphere */ = {
			isa = PBXGroup;
			children = (
				2CD1B84E1FD3C4F200179D26 /* AppDelegate.swift */,
				2CD1B8501FD3C4F200179D26 /* FirstViewController.swift */,
				2C05C7141FDBDF5700D1DBE9 /* SecondViewController.swift */,
				2C3A13CB1FE5BBF60041410C /* HomeViewController.swift */,
				2CC8CBA91FE7DA1500A0D598 /* MapViewController.swift */,
				2CD1B8541FD3C4F200179D26 /* Main.storyboard */,
				2CD1B8571FD3C4F200179D26 /* Assets.xcassets */,
				2CD1B8591FD3C4F200179D26 /* LaunchScreen.storyboard */,
				2CD1B85C1FD3C4F200179D26 /* Info.plist */,
			);
			path = apphere;
			sourceTree = "<group>";
		};
		2CD1B8641FD3C4F200179D26 /* apphereTests */ = {
			isa = PBXGroup;
			children = (
				2CD1B8651FD3C4F200179D26 /* apphereTests.swift */,
				2CD1B8671FD3C4F200179D26 /* Info.plist */,
			);
			path = apphereTests;
			sourceTree = "<group>";
		};
		2CD1B86F1FD3C4F200179D26 /* apphereUITests */ = {
			isa = PBXGroup;
			children = (
				2CD1B8701FD3C4F200179D26 /* apphereUITests.swift */,
				2CD1B8721FD3C4F200179D26 /* Info.plist */,
			);
			path = apphereUITests;
			sourceTree = "<group>";
		};
		2E60B2AEF8279E75E9A03B49 /* Frameworks */ = {
			isa = PBXGroup;
			children = (
				CAD841BEA5874BB9F1D25DA6 /* Pods_apphere.framework */,
				1FD1BECA63D0FD0D4BBBEC00 /* Pods_apphereTests.framework */,
				732A2627E04DA46F7E9CF7BC /* Pods_apphereUITests.framework */,
			);
			name = Frameworks;
			sourceTree = "<group>";
		};
		491B245EE4AD9A9F7E3DC3F8 /* Pods */ = {
			isa = PBXGroup;
			children = (
				851ACCFFA61FE63BA9057BCF /* Pods-apphere.debug.xcconfig */,
				9BB855DCA907FAC5EC4A713C /* Pods-apphere.release.xcconfig */,
				3CBCC46979BB689D8C8A8969 /* Pods-apphereTests.debug.xcconfig */,
				A13389D41504502C5E8BDB98 /* Pods-apphereTests.release.xcconfig */,
				45F8863026B5860928D5C471 /* Pods-apphereUITests.debug.xcconfig */,
				B8A8606E2F53538358D5F2B2 /* Pods-apphereUITests.release.xcconfig */,
			);
			name = Pods;
			sourceTree = "<group>";
		};
/* End PBXGroup section */

/* Begin PBXNativeTarget section */
		2CD1B84A1FD3C4F200179D26 /* apphere */ = {
			isa = PBXNativeTarget;
			buildConfigurationList = 2CD1B8751FD3C4F200179D26 /* Build configuration list for PBXNativeTarget "apphere" */;
			buildPhases = (
				6E37DF8B49B5CAFF4E4A2583 /* [CP] Check Pods Manifest.lock */,
				2CD1B8471FD3C4F200179D26 /* Sources */,
				2CD1B8481FD3C4F200179D26 /* Frameworks */,
				2CD1B8491FD3C4F200179D26 /* Resources */,
				2CC8CBA11FE7D0E800A0D598 /* CopyFiles */,
				26BE3C3A5A547F4BE053E37B /* [CP] Embed Pods Frameworks */,
				7A1436883168F218BA4DEBA8 /* [CP] Copy Pods Resources */,
			);
			buildRules = (
			);
			dependencies = (
			);
			name = apphere;
			productName = apphere;
			productReference = 2CD1B84B1FD3C4F200179D26 /* apphere.app */;
			productType = "com.apple.product-type.application";
		};
		2CD1B8601FD3C4F200179D26 /* apphereTests */ = {
			isa = PBXNativeTarget;
			buildConfigurationList = 2CD1B8781FD3C4F200179D26 /* Build configuration list for PBXNativeTarget "apphereTests" */;
			buildPhases = (
				EE6EF18EE3F51692B2B1D35E /* [CP] Check Pods Manifest.lock */,
				2CD1B85D1FD3C4F200179D26 /* Sources */,
				2CD1B85E1FD3C4F200179D26 /* Frameworks */,
				2CD1B85F1FD3C4F200179D26 /* Resources */,
				2DF22885EF05CB4F7F9A23AC /* [CP] Embed Pods Frameworks */,
				165AEB3ADC7D0CBEC11AE16E /* [CP] Copy Pods Resources */,
			);
			buildRules = (
			);
			dependencies = (
				2CD1B8631FD3C4F200179D26 /* PBXTargetDependency */,
			);
			name = apphereTests;
			productName = apphereTests;
			productReference = 2CD1B8611FD3C4F200179D26 /* apphereTests.xctest */;
			productType = "com.apple.product-type.bundle.unit-test";
		};
		2CD1B86B1FD3C4F200179D26 /* apphereUITests */ = {
			isa = PBXNativeTarget;
			buildConfigurationList = 2CD1B87B1FD3C4F200179D26 /* Build configuration list for PBXNativeTarget "apphereUITests" */;
			buildPhases = (
				A801F06B905F3B4D81D75D2E /* [CP] Check Pods Manifest.lock */,
				2CD1B8681FD3C4F200179D26 /* Sources */,
				2CD1B8691FD3C4F200179D26 /* Frameworks */,
				2CD1B86A1FD3C4F200179D26 /* Resources */,
				4117AFDF61E6A85459449BB3 /* [CP] Embed Pods Frameworks */,
				79EDB02E83360D37C989C187 /* [CP] Copy Pods Resources */,
			);
			buildRules = (
			);
			dependencies = (
				2CD1B86E1FD3C4F200179D26 /* PBXTargetDependency */,
			);
			name = apphereUITests;
			productName = apphereUITests;
			productReference = 2CD1B86C1FD3C4F200179D26 /* apphereUITests.xctest */;
			productType = "com.apple.product-type.bundle.ui-testing";
		};
/* End PBXNativeTarget section */

/* Begin PBXProject section */
		2CD1B8431FD3C4F200179D26 /* Project object */ = {
			isa = PBXProject;
			attributes = {
				LastSwiftUpdateCheck = 0910;
				LastUpgradeCheck = 0910;
				ORGANIZATIONNAME = "Derek Sheldon";
				TargetAttributes = {
					2CD1B84A1FD3C4F200179D26 = {
						CreatedOnToolsVersion = 9.1;
						ProvisioningStyle = Automatic;
						SystemCapabilities = {
							com.apple.BackgroundModes = {
								enabled = 1;
							};
						};
					};
					2CD1B8601FD3C4F200179D26 = {
						CreatedOnToolsVersion = 9.1;
						ProvisioningStyle = Automatic;
						TestTargetID = 2CD1B84A1FD3C4F200179D26;
					};
					2CD1B86B1FD3C4F200179D26 = {
						CreatedOnToolsVersion = 9.1;
						ProvisioningStyle = Automatic;
						TestTargetID = 2CD1B84A1FD3C4F200179D26;
					};
				};
			};
			buildConfigurationList = 2CD1B8461FD3C4F200179D26 /* Build configuration list for PBXProject "apphere" */;
			compatibilityVersion = "Xcode 8.0";
			developmentRegion = en;
			hasScannedForEncodings = 0;
			knownRegions = (
				en,
				Base,
			);
			mainGroup = 2CD1B8421FD3C4F200179D26;
			productRefGroup = 2CD1B84C1FD3C4F200179D26 /* Products */;
			projectDirPath = "";
			projectRoot = "";
			targets = (
				2CD1B84A1FD3C4F200179D26 /* apphere */,
				2CD1B8601FD3C4F200179D26 /* apphereTests */,
				2CD1B86B1FD3C4F200179D26 /* apphereUITests */,
			);
		};
/* End PBXProject section */

/* Begin PBXResourcesBuildPhase section */
		2CD1B8491FD3C4F200179D26 /* Resources */ = {
			isa = PBXResourcesBuildPhase;
			buildActionMask = 2147483647;
			files = (
				2CD1B85B1FD3C4F200179D26 /* LaunchScreen.storyboard in Resources */,
				2CD1B8581FD3C4F200179D26 /* Assets.xcassets in Resources */,
				2CD1B8561FD3C4F200179D26 /* Main.storyboard in Resources */,
			);
			runOnlyForDeploymentPostprocessing = 0;
		};
		2CD1B85F1FD3C4F200179D26 /* Resources */ = {
			isa = PBXResourcesBuildPhase;
			buildActionMask = 2147483647;
			files = (
			);
			runOnlyForDeploymentPostprocessing = 0;
		};
		2CD1B86A1FD3C4F200179D26 /* Resources */ = {
			isa = PBXResourcesBuildPhase;
			buildActionMask = 2147483647;
			files = (
			);
			runOnlyForDeploymentPostprocessing = 0;
		};
/* End PBXResourcesBuildPhase section */

/* Begin PBXShellScriptBuildPhase section */
		165AEB3ADC7D0CBEC11AE16E /* [CP] Copy Pods Resources */ = {
			isa = PBXShellScriptBuildPhase;
			buildActionMask = 2147483647;
			files = (
			);
			inputPaths = (
			);
			name = "[CP] Copy Pods Resources";
			outputPaths = (
			);
			runOnlyForDeploymentPostprocessing = 0;
			shellPath = /bin/sh;
			shellScript = "\"${SRCROOT}/Pods/Target Support Files/Pods-apphereTests/Pods-apphereTests-resources.sh\"\n";
			showEnvVarsInLog = 0;
		};
		26BE3C3A5A547F4BE053E37B /* [CP] Embed Pods Frameworks */ = {
			isa = PBXShellScriptBuildPhase;
			buildActionMask = 2147483647;
			files = (
			);
			inputPaths = (
			);
			name = "[CP] Embed Pods Frameworks";
			outputPaths = (
			);
			runOnlyForDeploymentPostprocessing = 0;
			shellPath = /bin/sh;
			shellScript = "\"${SRCROOT}/Pods/Target Support Files/Pods-apphere/Pods-apphere-frameworks.sh\"\n";
			showEnvVarsInLog = 0;
		};
		2DF22885EF05CB4F7F9A23AC /* [CP] Embed Pods Frameworks */ = {
			isa = PBXShellScriptBuildPhase;
			buildActionMask = 2147483647;
			files = (
			);
			inputPaths = (
			);
			name = "[CP] Embed Pods Frameworks";
			outputPaths = (
			);
			runOnlyForDeploymentPostprocessing = 0;
			shellPath = /bin/sh;
			shellScript = "\"${SRCROOT}/Pods/Target Support Files/Pods-apphereTests/Pods-apphereTests-frameworks.sh\"\n";
			showEnvVarsInLog = 0;
		};
		4117AFDF61E6A85459449BB3 /* [CP] Embed Pods Frameworks */ = {
			isa = PBXShellScriptBuildPhase;
			buildActionMask = 2147483647;
			files = (
			);
			inputPaths = (
			);
			name = "[CP] Embed Pods Frameworks";
			outputPaths = (
			);
			runOnlyForDeploymentPostprocessing = 0;
			shellPath = /bin/sh;
			shellScript = "\"${SRCROOT}/Pods/Target Support Files/Pods-apphereUITests/Pods-apphereUITests-frameworks.sh\"\n";
			showEnvVarsInLog = 0;
		};
		6E37DF8B49B5CAFF4E4A2583 /* [CP] Check Pods Manifest.lock */ = {
			isa = PBXShellScriptBuildPhase;
			buildActionMask = 2147483647;
			files = (
			);
			inputPaths = (
			);
			name = "[CP] Check Pods Manifest.lock";
			outputPaths = (
			);
			runOnlyForDeploymentPostprocessing = 0;
			shellPath = /bin/sh;
			shellScript = "diff \"${PODS_ROOT}/../Podfile.lock\" \"${PODS_ROOT}/Manifest.lock\" > /dev/null\nif [ $? != 0 ] ; then\n    # print error to STDERR\n    echo \"error: The sandbox is not in sync with the Podfile.lock. Run 'pod install' or update your CocoaPods installation.\" >&2\n    exit 1\nfi\n";
			showEnvVarsInLog = 0;
		};
		79EDB02E83360D37C989C187 /* [CP] Copy Pods Resources */ = {
			isa = PBXShellScriptBuildPhase;
			buildActionMask = 2147483647;
			files = (
			);
			inputPaths = (
			);
			name = "[CP] Copy Pods Resources";
			outputPaths = (
			);
			runOnlyForDeploymentPostprocessing = 0;
			shellPath = /bin/sh;
			shellScript = "\"${SRCROOT}/Pods/Target Support Files/Pods-apphereUITests/Pods-apphereUITests-resources.sh\"\n";
			showEnvVarsInLog = 0;
		};
		7A1436883168F218BA4DEBA8 /* [CP] Copy Pods Resources */ = {
			isa = PBXShellScriptBuildPhase;
			buildActionMask = 2147483647;
			files = (
			);
			inputPaths = (
			);
			name = "[CP] Copy Pods Resources";
			outputPaths = (
			);
			runOnlyForDeploymentPostprocessing = 0;
			shellPath = /bin/sh;
			shellScript = "\"${SRCROOT}/Pods/Target Support Files/Pods-apphere/Pods-apphere-resources.sh\"\n";
			showEnvVarsInLog = 0;
		};
		A801F06B905F3B4D81D75D2E /* [CP] Check Pods Manifest.lock */ = {
			isa = PBXShellScriptBuildPhase;
			buildActionMask = 2147483647;
			files = (
			);
			inputPaths = (
			);
			name = "[CP] Check Pods Manifest.lock";
			outputPaths = (
			);
			runOnlyForDeploymentPostprocessing = 0;
			shellPath = /bin/sh;
			shellScript = "diff \"${PODS_ROOT}/../Podfile.lock\" \"${PODS_ROOT}/Manifest.lock\" > /dev/null\nif [ $? != 0 ] ; then\n    # print error to STDERR\n    echo \"error: The sandbox is not in sync with the Podfile.lock. Run 'pod install' or update your CocoaPods installation.\" >&2\n    exit 1\nfi\n";
			showEnvVarsInLog = 0;
		};
		EE6EF18EE3F51692B2B1D35E /* [CP] Check Pods Manifest.lock */ = {
			isa = PBXShellScriptBuildPhase;
			buildActionMask = 2147483647;
			files = (
			);
			inputPaths = (
			);
			name = "[CP] Check Pods Manifest.lock";
			outputPaths = (
			);
			runOnlyForDeploymentPostprocessing = 0;
			shellPath = /bin/sh;
			shellScript = "diff \"${PODS_ROOT}/../Podfile.lock\" \"${PODS_ROOT}/Manifest.lock\" > /dev/null\nif [ $? != 0 ] ; then\n    # print error to STDERR\n    echo \"error: The sandbox is not in sync with the Podfile.lock. Run 'pod install' or update your CocoaPods installation.\" >&2\n    exit 1\nfi\n";
			showEnvVarsInLog = 0;
		};
/* End PBXShellScriptBuildPhase section */

/* Begin PBXSourcesBuildPhase section */
		2CD1B8471FD3C4F200179D26 /* Sources */ = {
			isa = PBXSourcesBuildPhase;
			buildActionMask = 2147483647;
			files = (
				2C05C7151FDBDF5700D1DBE9 /* SecondViewController.swift in Sources */,
				2CD1B84F1FD3C4F200179D26 /* AppDelegate.swift in Sources */,
				2CC8CBAA1FE7DA1500A0D598 /* MapViewController.swift in Sources */,
				2CD1B8511FD3C4F200179D26 /* FirstViewController.swift in Sources */,
				2C3A13CC1FE5BBF60041410C /* HomeViewController.swift in Sources */,
			);
			runOnlyForDeploymentPostprocessing = 0;
		};
		2CD1B85D1FD3C4F200179D26 /* Sources */ = {
			isa = PBXSourcesBuildPhase;
			buildActionMask = 2147483647;
			files = (
				2CD1B8661FD3C4F200179D26 /* apphereTests.swift in Sources */,
			);
			runOnlyForDeploymentPostprocessing = 0;
		};
		2CD1B8681FD3C4F200179D26 /* Sources */ = {
			isa = PBXSourcesBuildPhase;
			buildActionMask = 2147483647;
			files = (
				2CD1B8711FD3C4F200179D26 /* apphereUITests.swift in Sources */,
			);
			runOnlyForDeploymentPostprocessing = 0;
		};
/* End PBXSourcesBuildPhase section */

/* Begin PBXTargetDependency section */
		2CD1B8631FD3C4F200179D26 /* PBXTargetDependency */ = {
			isa = PBXTargetDependency;
			target = 2CD1B84A1FD3C4F200179D26 /* apphere */;
			targetProxy = 2CD1B8621FD3C4F200179D26 /* PBXContainerItemProxy */;
		};
		2CD1B86E1FD3C4F200179D26 /* PBXTargetDependency */ = {
			isa = PBXTargetDependency;
			target = 2CD1B84A1FD3C4F200179D26 /* apphere */;
			targetProxy = 2CD1B86D1FD3C4F200179D26 /* PBXContainerItemProxy */;
		};
/* End PBXTargetDependency section */

/* Begin PBXVariantGroup section */
		2CD1B8541FD3C4F200179D26 /* Main.storyboard */ = {
			isa = PBXVariantGroup;
			children = (
				2CD1B8551FD3C4F200179D26 /* Base */,
			);
			name = Main.storyboard;
			sourceTree = "<group>";
		};
		2CD1B8591FD3C4F200179D26 /* LaunchScreen.storyboard */ = {
			isa = PBXVariantGroup;
			children = (
				2CD1B85A1FD3C4F200179D26 /* Base */,
			);
			name = LaunchScreen.storyboard;
			sourceTree = "<group>";
		};
/* End PBXVariantGroup section */

/* Begin XCBuildConfiguration section */
		2CD1B8731FD3C4F200179D26 /* Debug */ = {
			isa = XCBuildConfiguration;
			buildSettings = {
				ALWAYS_SEARCH_USER_PATHS = NO;
				CLANG_ANALYZER_NONNULL = YES;
				CLANG_ANALYZER_NUMBER_OBJECT_CONVERSION = YES_AGGRESSIVE;
				CLANG_CXX_LANGUAGE_STANDARD = "gnu++14";
				CLANG_CXX_LIBRARY = "libc++";
				CLANG_ENABLE_MODULES = YES;
				CLANG_ENABLE_OBJC_ARC = YES;
				CLANG_WARN_BLOCK_CAPTURE_AUTORELEASING = YES;
				CLANG_WARN_BOOL_CONVERSION = YES;
				CLANG_WARN_COMMA = YES;
				CLANG_WARN_CONSTANT_CONVERSION = YES;
				CLANG_WARN_DIRECT_OBJC_ISA_USAGE = YES_ERROR;
				CLANG_WARN_DOCUMENTATION_COMMENTS = YES;
				CLANG_WARN_EMPTY_BODY = YES;
				CLANG_WARN_ENUM_CONVERSION = YES;
				CLANG_WARN_INFINITE_RECURSION = YES;
				CLANG_WARN_INT_CONVERSION = YES;
				CLANG_WARN_NON_LITERAL_NULL_CONVERSION = YES;
				CLANG_WARN_OBJC_LITERAL_CONVERSION = YES;
				CLANG_WARN_OBJC_ROOT_CLASS = YES_ERROR;
				CLANG_WARN_RANGE_LOOP_ANALYSIS = YES;
				CLANG_WARN_STRICT_PROTOTYPES = YES;
				CLANG_WARN_SUSPICIOUS_MOVE = YES;
				CLANG_WARN_UNGUARDED_AVAILABILITY = YES_AGGRESSIVE;
				CLANG_WARN_UNREACHABLE_CODE = YES;
				CLANG_WARN__DUPLICATE_METHOD_MATCH = YES;
				CODE_SIGN_IDENTITY = "iPhone Developer";
				COPY_PHASE_STRIP = NO;
				DEBUG_INFORMATION_FORMAT = dwarf;
				ENABLE_STRICT_OBJC_MSGSEND = YES;
				ENABLE_TESTABILITY = YES;
				GCC_C_LANGUAGE_STANDARD = gnu11;
				GCC_DYNAMIC_NO_PIC = NO;
				GCC_NO_COMMON_BLOCKS = YES;
				GCC_OPTIMIZATION_LEVEL = 0;
				GCC_PREPROCESSOR_DEFINITIONS = (
					"DEBUG=1",
					"$(inherited)",
				);
				GCC_WARN_64_TO_32_BIT_CONVERSION = YES;
				GCC_WARN_ABOUT_RETURN_TYPE = YES_ERROR;
				GCC_WARN_UNDECLARED_SELECTOR = YES;
				GCC_WARN_UNINITIALIZED_AUTOS = YES_AGGRESSIVE;
				GCC_WARN_UNUSED_FUNCTION = YES;
				GCC_WARN_UNUSED_VARIABLE = YES;
				IPHONEOS_DEPLOYMENT_TARGET = 11.1;
				MTL_ENABLE_DEBUG_INFO = YES;
				ONLY_ACTIVE_ARCH = YES;
				SDKROOT = iphoneos;
				SWIFT_ACTIVE_COMPILATION_CONDITIONS = DEBUG;
				SWIFT_OPTIMIZATION_LEVEL = "-Onone";
			};
			name = Debug;
		};
		2CD1B8741FD3C4F200179D26 /* Release */ = {
			isa = XCBuildConfiguration;
			buildSettings = {
				ALWAYS_SEARCH_USER_PATHS = NO;
				CLANG_ANALYZER_NONNULL = YES;
				CLANG_ANALYZER_NUMBER_OBJECT_CONVERSION = YES_AGGRESSIVE;
				CLANG_CXX_LANGUAGE_STANDARD = "gnu++14";
				CLANG_CXX_LIBRARY = "libc++";
				CLANG_ENABLE_MODULES = YES;
				CLANG_ENABLE_OBJC_ARC = YES;
				CLANG_WARN_BLOCK_CAPTURE_AUTORELEASING = YES;
				CLANG_WARN_BOOL_CONVERSION = YES;
				CLANG_WARN_COMMA = YES;
				CLANG_WARN_CONSTANT_CONVERSION = YES;
				CLANG_WARN_DIRECT_OBJC_ISA_USAGE = YES_ERROR;
				CLANG_WARN_DOCUMENTATION_COMMENTS = YES;
				CLANG_WARN_EMPTY_BODY = YES;
				CLANG_WARN_ENUM_CONVERSION = YES;
				CLANG_WARN_INFINITE_RECURSION = YES;
				CLANG_WARN_INT_CONVERSION = YES;
				CLANG_WARN_NON_LITERAL_NULL_CONVERSION = YES;
				CLANG_WARN_OBJC_LITERAL_CONVERSION = YES;
				CLANG_WARN_OBJC_ROOT_CLASS = YES_ERROR;
				CLANG_WARN_RANGE_LOOP_ANALYSIS = YES;
				CLANG_WARN_STRICT_PROTOTYPES = YES;
				CLANG_WARN_SUSPICIOUS_MOVE = YES;
				CLANG_WARN_UNGUARDED_AVAILABILITY = YES_AGGRESSIVE;
				CLANG_WARN_UNREACHABLE_CODE = YES;
				CLANG_WARN__DUPLICATE_METHOD_MATCH = YES;
				CODE_SIGN_IDENTITY = "iPhone Developer";
				COPY_PHASE_STRIP = NO;
				DEBUG_INFORMATION_FORMAT = "dwarf-with-dsym";
				ENABLE_NS_ASSERTIONS = NO;
				ENABLE_STRICT_OBJC_MSGSEND = YES;
				GCC_C_LANGUAGE_STANDARD = gnu11;
				GCC_NO_COMMON_BLOCKS = YES;
				GCC_WARN_64_TO_32_BIT_CONVERSION = YES;
				GCC_WARN_ABOUT_RETURN_TYPE = YES_ERROR;
				GCC_WARN_UNDECLARED_SELECTOR = YES;
				GCC_WARN_UNINITIALIZED_AUTOS = YES_AGGRESSIVE;
				GCC_WARN_UNUSED_FUNCTION = YES;
				GCC_WARN_UNUSED_VARIABLE = YES;
				IPHONEOS_DEPLOYMENT_TARGET = 11.1;
				MTL_ENABLE_DEBUG_INFO = NO;
				SDKROOT = iphoneos;
				SWIFT_OPTIMIZATION_LEVEL = "-Owholemodule";
				VALIDATE_PRODUCT = YES;
			};
			name = Release;
		};
		2CD1B8761FD3C4F200179D26 /* Debug */ = {
			isa = XCBuildConfiguration;
			baseConfigurationReference = 851ACCFFA61FE63BA9057BCF /* Pods-apphere.debug.xcconfig */;
			buildSettings = {
				ASSETCATALOG_COMPILER_APPICON_NAME = AppIcon;
				CODE_SIGN_STYLE = Automatic;
				DEVELOPMENT_TEAM = C8RM98FY44;
				FRAMEWORK_SEARCH_PATHS = (
					"$(inherited)",
					"$(PROJECT_DIR)/apphere",
				);
				INFOPLIST_FILE = apphere/Info.plist;
				IPHONEOS_DEPLOYMENT_TARGET = 11.0;
				LD_RUNPATH_SEARCH_PATHS = "$(inherited) @executable_path/Frameworks";
				LIBRARY_SEARCH_PATHS = (
					"$(inherited)",
					"$(PROJECT_DIR)/apphere",
				);
				NEW_SETTING = "";
				PRODUCT_BUNDLE_IDENTIFIER = apphereinc.sheldontechnology.com;
				PRODUCT_NAME = "$(TARGET_NAME)";
				SWIFT_INSTALL_OBJC_HEADER = YES;
				SWIFT_OBJC_BRIDGING_HEADER = "${PROJECT_NAME}/ObjCBridge.h";
				SWIFT_VERSION = 4.0;
				TARGETED_DEVICE_FAMILY = "1,2";
			};
			name = Debug;
		};
		2CD1B8771FD3C4F200179D26 /* Release */ = {
			isa = XCBuildConfiguration;
			baseConfigurationReference = 9BB855DCA907FAC5EC4A713C /* Pods-apphere.release.xcconfig */;
			buildSettings = {
				ASSETCATALOG_COMPILER_APPICON_NAME = AppIcon;
				CODE_SIGN_STYLE = Automatic;
				DEVELOPMENT_TEAM = C8RM98FY44;
				FRAMEWORK_SEARCH_PATHS = (
					"$(inherited)",
					"$(PROJECT_DIR)/apphere",
				);
				INFOPLIST_FILE = apphere/Info.plist;
				IPHONEOS_DEPLOYMENT_TARGET = 11.0;
				LD_RUNPATH_SEARCH_PATHS = "$(inherited) @executable_path/Frameworks";
				LIBRARY_SEARCH_PATHS = (
					"$(inherited)",
					"$(PROJECT_DIR)/apphere",
				);
				NEW_SETTING = "";
				PRODUCT_BUNDLE_IDENTIFIER = apphereinc.sheldontechnology.com;
				PRODUCT_NAME = "$(TARGET_NAME)";
				SWIFT_INSTALL_OBJC_HEADER = YES;
				SWIFT_OBJC_BRIDGING_HEADER = "${PROJECT_NAME}/ObjCBridge.h";
				SWIFT_VERSION = 4.0;
				TARGETED_DEVICE_FAMILY = "1,2";
			};
			name = Release;
		};
		2CD1B8791FD3C4F200179D26 /* Debug */ = {
			isa = XCBuildConfiguration;
			baseConfigurationReference = 3CBCC46979BB689D8C8A8969 /* Pods-apphereTests.debug.xcconfig */;
			buildSettings = {
				ALWAYS_EMBED_SWIFT_STANDARD_LIBRARIES = YES;
				BUNDLE_LOADER = "$(TEST_HOST)";
				CODE_SIGN_STYLE = Automatic;
				INFOPLIST_FILE = apphereTests/Info.plist;
				LD_RUNPATH_SEARCH_PATHS = "$(inherited) @executable_path/Frameworks @loader_path/Frameworks";
				PRODUCT_BUNDLE_IDENTIFIER = apphereinc.apphereTests;
				PRODUCT_NAME = "$(TARGET_NAME)";
				SWIFT_VERSION = 4.0;
				TARGETED_DEVICE_FAMILY = "1,2";
				TEST_HOST = "$(BUILT_PRODUCTS_DIR)/apphere.app/apphere";
			};
			name = Debug;
		};
		2CD1B87A1FD3C4F200179D26 /* Release */ = {
			isa = XCBuildConfiguration;
			baseConfigurationReference = A13389D41504502C5E8BDB98 /* Pods-apphereTests.release.xcconfig */;
			buildSettings = {
				ALWAYS_EMBED_SWIFT_STANDARD_LIBRARIES = YES;
				BUNDLE_LOADER = "$(TEST_HOST)";
				CODE_SIGN_STYLE = Automatic;
				INFOPLIST_FILE = apphereTests/Info.plist;
				LD_RUNPATH_SEARCH_PATHS = "$(inherited) @executable_path/Frameworks @loader_path/Frameworks";
				PRODUCT_BUNDLE_IDENTIFIER = apphereinc.apphereTests;
				PRODUCT_NAME = "$(TARGET_NAME)";
				SWIFT_VERSION = 4.0;
				TARGETED_DEVICE_FAMILY = "1,2";
				TEST_HOST = "$(BUILT_PRODUCTS_DIR)/apphere.app/apphere";
			};
			name = Release;
		};
		2CD1B87C1FD3C4F200179D26 /* Debug */ = {
			isa = XCBuildConfiguration;
			baseConfigurationReference = 45F8863026B5860928D5C471 /* Pods-apphereUITests.debug.xcconfig */;
			buildSettings = {
				ALWAYS_EMBED_SWIFT_STANDARD_LIBRARIES = YES;
				CODE_SIGN_STYLE = Automatic;
				INFOPLIST_FILE = apphereUITests/Info.plist;
				LD_RUNPATH_SEARCH_PATHS = "$(inherited) @executable_path/Frameworks @loader_path/Frameworks";
				PRODUCT_BUNDLE_IDENTIFIER = apphereinc.apphereUITests;
				PRODUCT_NAME = "$(TARGET_NAME)";
				SWIFT_VERSION = 4.0;
				TARGETED_DEVICE_FAMILY = "1,2";
				TEST_TARGET_NAME = apphere;
			};
			name = Debug;
		};
		2CD1B87D1FD3C4F200179D26 /* Release */ = {
			isa = XCBuildConfiguration;
			baseConfigurationReference = B8A8606E2F53538358D5F2B2 /* Pods-apphereUITests.release.xcconfig */;
			buildSettings = {
				ALWAYS_EMBED_SWIFT_STANDARD_LIBRARIES = YES;
				CODE_SIGN_STYLE = Automatic;
				INFOPLIST_FILE = apphereUITests/Info.plist;
				LD_RUNPATH_SEARCH_PATHS = "$(inherited) @executable_path/Frameworks @loader_path/Frameworks";
				PRODUCT_BUNDLE_IDENTIFIER = apphereinc.apphereUITests;
				PRODUCT_NAME = "$(TARGET_NAME)";
				SWIFT_VERSION = 4.0;
				TARGETED_DEVICE_FAMILY = "1,2";
				TEST_TARGET_NAME = apphere;
			};
			name = Release;
		};
/* End XCBuildConfiguration section */

/* Begin XCConfigurationList section */
		2CD1B8461FD3C4F200179D26 /* Build configuration list for PBXProject "apphere" */ = {
			isa = XCConfigurationList;
			buildConfigurations = (
				2CD1B8731FD3C4F200179D26 /* Debug */,
				2CD1B8741FD3C4F200179D26 /* Release */,
			);
			defaultConfigurationIsVisible = 0;
			defaultConfigurationName = Release;
		};
		2CD1B8751FD3C4F200179D26 /* Build configuration list for PBXNativeTarget "apphere" */ = {
			isa = XCConfigurationList;
			buildConfigurations = (
				2CD1B8761FD3C4F200179D26 /* Debug */,
				2CD1B8771FD3C4F200179D26 /* Release */,
			);
			defaultConfigurationIsVisible = 0;
			defaultConfigurationName = Release;
		};
		2CD1B8781FD3C4F200179D26 /* Build configuration list for PBXNativeTarget "apphereTests" */ = {
			isa = XCConfigurationList;
			buildConfigurations = (
				2CD1B8791FD3C4F200179D26 /* Debug */,
				2CD1B87A1FD3C4F200179D26 /* Release */,
			);
			defaultConfigurationIsVisible = 0;
			defaultConfigurationName = Release;
		};
		2CD1B87B1FD3C4F200179D26 /* Build configuration list for PBXNativeTarget "apphereUITests" */ = {
			isa = XCConfigurationList;
			buildConfigurations = (
				2CD1B87C1FD3C4F200179D26 /* Debug */,
				2CD1B87D1FD3C4F200179D26 /* Release */,
			);
			defaultConfigurationIsVisible = 0;
			defaultConfigurationName = Release;
		};
/* End XCConfigurationList section */
	};
	rootObject = 2CD1B8431FD3C4F200179D26 /* Project object */;
}
